
Microsoft Visual Studio Solution File, Format Version 12.00
# Visual Studio Version 16
VisualStudioVersion = 16.0.30320.27
MinimumVisualStudioVersion = 10.0.40219.1
Project("{FAE04EC0-301F-11D3-BF4B-00C04F79EFBC}") = "WebAppTest", "WebAppTest\WebAppTest.csproj", "{8621ADB7-7728-4C08-864E-37D5BFD85576}"
EndProject
Global
	GlobalSection(SolutionConfigurationPlatforms) = preSolution
		Debug|Any CPU = Debug|Any CPU
		Release|Any CPU = Release|Any CPU
	EndGlobalSection
	GlobalSection(ProjectConfigurationPlatforms) = postSolution
		{8621ADB7-7728-4C08-864E-37D5BFD85576}.Debug|Any CPU.ActiveCfg = Debug|Any CPU
		{8621ADB7-7728-4C08-864E-37D5BFD85576}.Debug|Any CPU.Build.0 = Debug|Any CPU
		{8621ADB7-7728-4C08-864E-37D5BFD85576}.Release|Any CPU.ActiveCfg = Release|Any CPU
		{8621ADB7-7728-4C08-864E-37D5BFD85576}.Release|Any CPU.Build.0 = Release|Any CPU
	EndGlobalSection
	GlobalSection(SolutionProperties) = preSolution
		HideSolutionNode = FALSE
	EndGlobalSection
	GlobalSection(ExtensibilityGlobals) = postSolution
		SolutionGuid = {7A867782-A205-4721-B72B-E518E57DB3EC}
	EndGlobalSection
EndGlobal
